
Microsoft Visual Studio Solution File, Format Version 12.00
# Visual Studio 15
Project("{FAE04EC0-301F-11D3-BF4B-00C04F79EFBC}") = "Conspiracy", "Assembly-CSharp-firstpass.csproj", "{AF56CD18-EF48-8BB7-68F7-7C1C9664DC1A}"
EndProject
Project("{FAE04EC0-301F-11D3-BF4B-00C04F79EFBC}") = "Conspiracy", "Assembly-CSharp.csproj", "{2D4AD918-879E-5B2B-22BC-81C393715D2E}"
EndProject
Project("{FAE04EC0-301F-11D3-BF4B-00C04F79EFBC}") = "Conspiracy", "Assembly-CSharp-Editor-firstpass.csproj", "{2EFAC82F-3564-372F-C262-35BBDF5A98E2}"
EndProject
Global
	GlobalSection(SolutionConfigurationPlatforms) = preSolution
		Debug|Any CPU = Debug|Any CPU
		Release|Any CPU = Release|Any CPU
	EndGlobalSection
	GlobalSection(ProjectConfigurationPlatforms) = postSolution
		{AF56CD18-EF48-8BB7-68F7-7C1C9664DC1A}.Debug|Any CPU.ActiveCfg = Debug|Any CPU
		{AF56CD18-EF48-8BB7-68F7-7C1C9664DC1A}.Debug|Any CPU.Build.0 = Debug|Any CPU
		{AF56CD18-EF48-8BB7-68F7-7C1C9664DC1A}.Release|Any CPU.ActiveCfg = Release|Any CPU
		{AF56CD18-EF48-8BB7-68F7-7C1C9664DC1A}.Release|Any CPU.Build.0 = Release|Any CPU
		{2D4AD918-879E-5B2B-22BC-81C393715D2E}.Debug|Any CPU.ActiveCfg = Debug|Any CPU
		{2D4AD918-879E-5B2B-22BC-81C393715D2E}.Debug|Any CPU.Build.0 = Debug|Any CPU
		{2D4AD918-879E-5B2B-22BC-81C393715D2E}.Release|Any CPU.ActiveCfg = Release|Any CPU
		{2D4AD918-879E-5B2B-22BC-81C393715D2E}.Release|Any CPU.Build.0 = Release|Any CPU
		{2EFAC82F-3564-372F-C262-35BBDF5A98E2}.Debug|Any CPU.ActiveCfg = Debug|Any CPU
		{2EFAC82F-3564-372F-C262-35BBDF5A98E2}.Debug|Any CPU.Build.0 = Debug|Any CPU
		{2EFAC82F-3564-372F-C262-35BBDF5A98E2}.Release|Any CPU.ActiveCfg = Release|Any CPU
		{2EFAC82F-3564-372F-C262-35BBDF5A98E2}.Release|Any CPU.Build.0 = Release|Any CPU
	EndGlobalSection
	GlobalSection(SolutionProperties) = preSolution
		HideSolutionNode = FALSE
	EndGlobalSection
EndGlobal
