
Microsoft Visual Studio Solution File, Format Version 12.00
# Visual Studio 2017
Project("{FAE04EC0-301F-11D3-BF4B-00C04F79EFBC}") = "Conspiracy", "Conspiracy.csproj", "{0178E359-C9BE-4AA8-A8FC-0F4D5A69E975}"
EndProject
Project("{FAE04EC0-301F-11D3-BF4B-00C04F79EFBC}") = "Conspiracy", "Conspiracy.csproj", "{0178E359-C9BE-4AA8-A8FC-0F4D5A69E975}"
EndProject
Project("{FAE04EC0-301F-11D3-BF4B-00C04F79EFBC}") = "Conspiracy.Plugins", "Conspiracy.Plugins.csproj", "{200B0D7A-61C6-B65E-D878-5AAA6A2A3F51}"
EndProject
Project("{FAE04EC0-301F-11D3-BF4B-00C04F79EFBC}") = "Conspiracy.Editor.Plugins", "Conspiracy.Editor.Plugins.csproj", "{7D039A54-269C-7AF3-A360-FA42B8869C07}"
EndProject
Project("{FAE04EC0-301F-11D3-BF4B-00C04F79EFBC}") = "Conspiracy.Editor", "Conspiracy.Editor.csproj", "{68F2A631-7AB9-63D2-037F-5B9F4BB30238}"
EndProject
Project("{FAE04EC0-301F-11D3-BF4B-00C04F79EFBC}") = "Conspiracy.Editor", "Conspiracy.Editor.csproj", "{68F2A631-7AB9-63D2-037F-5B9F4BB30238}"
EndProject
Project("{FAE04EC0-301F-11D3-BF4B-00C04F79EFBC}") = "Conspiracy.Editor", "Conspiracy.Editor.csproj", "{68F2A631-7AB9-63D2-037F-5B9F4BB30238}"
EndProject
Global
	GlobalSection(SolutionConfigurationPlatforms) = preSolution
		Debug|Any CPU = Debug|Any CPU
		Release|Any CPU = Release|Any CPU
	EndGlobalSection
	GlobalSection(ProjectConfigurationPlatforms) = postSolution
		{0178E359-C9BE-4AA8-A8FC-0F4D5A69E975}.Debug|Any CPU.ActiveCfg = Debug|Any CPU
		{0178E359-C9BE-4AA8-A8FC-0F4D5A69E975}.Debug|Any CPU.Build.0 = Debug|Any CPU
		{0178E359-C9BE-4AA8-A8FC-0F4D5A69E975}.Release|Any CPU.ActiveCfg = Release|Any CPU
		{0178E359-C9BE-4AA8-A8FC-0F4D5A69E975}.Release|Any CPU.Build.0 = Release|Any CPU
		{0178E359-C9BE-4AA8-A8FC-0F4D5A69E975}.Debug|Any CPU.ActiveCfg = Debug|Any CPU
		{0178E359-C9BE-4AA8-A8FC-0F4D5A69E975}.Debug|Any CPU.Build.0 = Debug|Any CPU
		{0178E359-C9BE-4AA8-A8FC-0F4D5A69E975}.Release|Any CPU.ActiveCfg = Release|Any CPU
		{0178E359-C9BE-4AA8-A8FC-0F4D5A69E975}.Release|Any CPU.Build.0 = Release|Any CPU
		{200B0D7A-61C6-B65E-D878-5AAA6A2A3F51}.Debug|Any CPU.ActiveCfg = Debug|Any CPU
		{200B0D7A-61C6-B65E-D878-5AAA6A2A3F51}.Debug|Any CPU.Build.0 = Debug|Any CPU
		{200B0D7A-61C6-B65E-D878-5AAA6A2A3F51}.Release|Any CPU.ActiveCfg = Release|Any CPU
		{200B0D7A-61C6-B65E-D878-5AAA6A2A3F51}.Release|Any CPU.Build.0 = Release|Any CPU
		{7D039A54-269C-7AF3-A360-FA42B8869C07}.Debug|Any CPU.ActiveCfg = Debug|Any CPU
		{7D039A54-269C-7AF3-A360-FA42B8869C07}.Debug|Any CPU.Build.0 = Debug|Any CPU
		{7D039A54-269C-7AF3-A360-FA42B8869C07}.Release|Any CPU.ActiveCfg = Release|Any CPU
		{7D039A54-269C-7AF3-A360-FA42B8869C07}.Release|Any CPU.Build.0 = Release|Any CPU
		{68F2A631-7AB9-63D2-037F-5B9F4BB30238}.Debug|Any CPU.ActiveCfg = Debug|Any CPU
		{68F2A631-7AB9-63D2-037F-5B9F4BB30238}.Debug|Any CPU.Build.0 = Debug|Any CPU
		{68F2A631-7AB9-63D2-037F-5B9F4BB30238}.Release|Any CPU.ActiveCfg = Release|Any CPU
		{68F2A631-7AB9-63D2-037F-5B9F4BB30238}.Release|Any CPU.Build.0 = Release|Any CPU
		{68F2A631-7AB9-63D2-037F-5B9F4BB30238}.Debug|Any CPU.ActiveCfg = Debug|Any CPU
		{68F2A631-7AB9-63D2-037F-5B9F4BB30238}.Debug|Any CPU.Build.0 = Debug|Any CPU
		{68F2A631-7AB9-63D2-037F-5B9F4BB30238}.Release|Any CPU.ActiveCfg = Release|Any CPU
		{68F2A631-7AB9-63D2-037F-5B9F4BB30238}.Release|Any CPU.Build.0 = Release|Any CPU
		{68F2A631-7AB9-63D2-037F-5B9F4BB30238}.Debug|Any CPU.ActiveCfg = Debug|Any CPU
		{68F2A631-7AB9-63D2-037F-5B9F4BB30238}.Debug|Any CPU.Build.0 = Debug|Any CPU
		{68F2A631-7AB9-63D2-037F-5B9F4BB30238}.Release|Any CPU.ActiveCfg = Release|Any CPU
		{68F2A631-7AB9-63D2-037F-5B9F4BB30238}.Release|Any CPU.Build.0 = Release|Any CPU
	EndGlobalSection
	GlobalSection(SolutionProperties) = preSolution
		HideSolutionNode = FALSE
	EndGlobalSection
EndGlobal
